{
  "lockfileVersion": 2,
  "configVersion": 1,
  "workspaces": {
    "": {
      "name": "pal-ext-uphill",
      "devDependencies": {
        "planck": "1.5.0",
      },
    },
  },
  "packages": {
    "planck": ["planck@1.5.0", "", { "peerDependencies": { "stage-js": "^1.0.0-alpha.12" } }, "sha512-dlvqJE+FscZgrGUXJ5ybd0o5bvZ5XXyZNbm08xGsXp9WjXeAyWSFT6n9s/1PQcUBo4546fDXA5RMA4wbDyZw6g=="],

    "stage-js": ["stage-js@1.0.2", "", {}, "sha512-EWTRBYlg7Qv9wGUao99/PfRe3KaiQqWmgSvTOXvaWnu1Jk/q/vV8yJVu6bi/3EqDZeMVnCPAjheba6OFc5k1GQ=="],
  }
}
